# THIS IS AN AUTOGENERATED FILE. DO NOT EDIT THIS FILE DIRECTLY.
# yarn lockfile v1


purecss@^2.1.0:
  version "2.2.0"
  resolved "https://registry.yarnpkg.com/purecss/-/purecss-2.2.0.tgz#71249802e1babd562b236cf5d0b75b16f158a421"
  integrity sha512-jEPrAALLgE+InDARWdPDt0AkZ1Bi0yXxHj4BOwWImq06sGIDe5CagPyS6Z9WGyEgMuZonrrhinInJ80nAHTIUA==
